// !$*UTF8*$!
{
	archiveVersion = 1;
	classes = {
	};
	objectVersion = 50;
	objects = {

/* Begin PBXBuildFile section */
		FABF0A4925825E5800630F05 /* AppDelegate.swift in Sources */ = {isa = PBXBuildFile; fileRef = FABF0A4825825E5800630F05 /* AppDelegate.swift */; };
		FABF0A4D25825E5800630F05 /* ChartViewController.swift in Sources */ = {isa = PBXBuildFile; fileRef = FABF0A4C25825E5800630F05 /* ChartViewController.swift */; };
		FABF0A5025825E5800630F05 /* Main.storyboard in Resources */ = {isa = PBXBuildFile; fileRef = FABF0A4E25825E5800630F05 /* Main.storyboard */; };
		FABF0A5225825E5800630F05 /* Assets.xcassets in Resources */ = {isa = PBXBuildFile; fileRef = FABF0A5125825E5800630F05 /* Assets.xcassets */; };
		FABF0A5525825E5800630F05 /* LaunchScreen.storyboard in Resources */ = {isa = PBXBuildFile; fileRef = FABF0A5325825E5800630F05 /* LaunchScreen.storyboard */; };
		FABF0A6725825EAA00630F05 /* MyChart.swift in Sources */ = {isa = PBXBuildFile; fileRef = FABF0A6625825EAA00630F05 /* MyChart.swift */; };
		FAFD635F25828EA7004F8479 /* Chart.swift in Sources */ = {isa = PBXBuildFile; fileRef = FAFD635E25828EA7004F8479 /* Chart.swift */; };
/* End PBXBuildFile section */

/* Begin PBXFileReference section */
		FABF0A4525825E5800630F05 /* ChartApp.app */ = {isa = PBXFileReference; explicitFileType = wrapper.application; includeInIndex = 0; path = ChartApp.app; sourceTree = BUILT_PRODUCTS_DIR; };
		FABF0A4825825E5800630F05 /* AppDelegate.swift */ = {isa = PBXFileReference; lastKnownFileType = sourcecode.swift; path = AppDelegate.swift; sourceTree = "<group>"; };
		FABF0A4C25825E5800630F05 /* ChartViewController.swift */ = {isa = PBXFileReference; lastKnownFileType = sourcecode.swift; path = ChartViewController.swift; sourceTree = "<group>"; };
		FABF0A4F25825E5800630F05 /* Base */ = {isa = PBXFileReference; lastKnownFileType = file.storyboard; name = Base; path = Base.lproj/Main.storyboard; sourceTree = "<group>"; };
		FABF0A5125825E5800630F05 /* Assets.xcassets */ = {isa = PBXFileReference; lastKnownFileType = folder.assetcatalog; path = Assets.xcassets; sourceTree = "<group>"; };
		FABF0A5425825E5800630F05 /* Base */ = {isa = PBXFileReference; lastKnownFileType = file.storyboard; name = Base; path = Base.lproj/LaunchScreen.storyboard; sourceTree = "<group>"; };
		FABF0A5625825E5800630F05 /* Info.plist */ = {isa = PBXFileReference; lastKnownFileType = text.plist.xml; path = Info.plist; sourceTree = "<group>"; };
		FABF0A6625825EAA00630F05 /* MyChart.swift */ = {isa = PBXFileReference; lastKnownFileType = sourcecode.swift; path = MyChart.swift; sourceTree = "<group>"; };
		FAFD635E25828EA7004F8479 /* Chart.swift */ = {isa = PBXFileReference; lastKnownFileType = sourcecode.swift; path = Chart.swift; sourceTree = "<group>"; };
/* End PBXFileReference section */

/* Begin PBXFrameworksBuildPhase section */
		FABF0A4225825E5800630F05 /* Frameworks */ = {
			isa = PBXFrameworksBuildPhase;
			buildActionMask = 2147483647;
			files = (
			);
			runOnlyForDeploymentPostprocessing = 0;
		};
/* End PBXFrameworksBuildPhase section */

/* Begin PBXGroup section */
		FABF0A3C25825E5800630F05 = {
			isa = PBXGroup;
			children = (
				FABF0A4725825E5800630F05 /* ChartApp */,
				FABF0A4625825E5800630F05 /* Products */,
			);
			sourceTree = "<group>";
		};
		FABF0A4625825E5800630F05 /* Products */ = {
			isa = PBXGroup;
			children = (
				FABF0A4525825E5800630F05 /* ChartApp.app */,
			);
			name = Products;
			sourceTree = "<group>";
		};
		FABF0A4725825E5800630F05 /* ChartApp */ = {
			isa = PBXGroup;
			children = (
				FABF0A6025825E7000630F05 /* Modules */,
				FABF0A5E25825E6500630F05 /* SupportingFiles */,
				FABF0A4E25825E5800630F05 /* Main.storyboard */,
			);
			path = ChartApp;
			sourceTree = "<group>";
		};
		FABF0A5E25825E6500630F05 /* SupportingFiles */ = {
			isa = PBXGroup;
			children = (
				FABF0A4825825E5800630F05 /* AppDelegate.swift */,
				FABF0A5125825E5800630F05 /* Assets.xcassets */,
				FABF0A5325825E5800630F05 /* LaunchScreen.storyboard */,
				FABF0A5625825E5800630F05 /* Info.plist */,
			);
			path = SupportingFiles;
			sourceTree = "<group>";
		};
		FABF0A6025825E7000630F05 /* Modules */ = {
			isa = PBXGroup;
			children = (
				FABF0A6225825E7900630F05 /* ChartScreen */,
				FABF0A6125825E7400630F05 /* Common */,
			);
			path = Modules;
			sourceTree = "<group>";
		};
		FABF0A6125825E7400630F05 /* Common */ = {
			isa = PBXGroup;
			children = (
				FABF0A6525825E9700630F05 /* Repositories */,
			);
			path = Common;
			sourceTree = "<group>";
		};
		FABF0A6225825E7900630F05 /* ChartScreen */ = {
			isa = PBXGroup;
			children = (
				FAFD635D25828E9F004F8479 /* Models */,
				FABF0A6425825E8500630F05 /* Controllers */,
			);
			path = ChartScreen;
			sourceTree = "<group>";
		};
		FABF0A6425825E8500630F05 /* Controllers */ = {
			isa = PBXGroup;
			children = (
				FABF0A4C25825E5800630F05 /* ChartViewController.swift */,
			);
			path = Controllers;
			sourceTree = "<group>";
		};
		FABF0A6525825E9700630F05 /* Repositories */ = {
			isa = PBXGroup;
			children = (
				FABF0A6625825EAA00630F05 /* MyChart.swift */,
			);
			path = Repositories;
			sourceTree = "<group>";
		};
		FAFD635D25828E9F004F8479 /* Models */ = {
			isa = PBXGroup;
			children = (
				FAFD635E25828EA7004F8479 /* Chart.swift */,
			);
			path = Models;
			sourceTree = "<group>";
		};
/* End PBXGroup section */

/* Begin PBXNativeTarget section */
		FABF0A4425825E5800630F05 /* ChartApp */ = {
			isa = PBXNativeTarget;
			buildConfigurationList = FABF0A5925825E5900630F05 /* Build configuration list for PBXNativeTarget "ChartApp" */;
			buildPhases = (
				FABF0A4125825E5800630F05 /* Sources */,
				FABF0A4225825E5800630F05 /* Frameworks */,
				FABF0A4325825E5800630F05 /* Resources */,
			);
			buildRules = (
			);
			dependencies = (
			);
			name = ChartApp;
			productName = ChartApp;
			productReference = FABF0A4525825E5800630F05 /* ChartApp.app */;
			productType = "com.apple.product-type.application";
		};
/* End PBXNativeTarget section */

/* Begin PBXProject section */
		FABF0A3D25825E5800630F05 /* Project object */ = {
			isa = PBXProject;
			attributes = {
				LastSwiftUpdateCheck = 1220;
				LastUpgradeCheck = 1220;
				TargetAttributes = {
					FABF0A4425825E5800630F05 = {
						CreatedOnToolsVersion = 12.2;
					};
				};
			};
			buildConfigurationList = FABF0A4025825E5800630F05 /* Build configuration list for PBXProject "ChartApp" */;
			compatibilityVersion = "Xcode 9.3";
			developmentRegion = en;
			hasScannedForEncodings = 0;
			knownRegions = (
				en,
				Base,
			);
			mainGroup = FABF0A3C25825E5800630F05;
			productRefGroup = FABF0A4625825E5800630F05 /* Products */;
			projectDirPath = "";
			projectRoot = "";
			targets = (
				FABF0A4425825E5800630F05 /* ChartApp */,
			);
		};
/* End PBXProject section */

/* Begin PBXResourcesBuildPhase section */
		FABF0A4325825E5800630F05 /* Resources */ = {
			isa = PBXResourcesBuildPhase;
			buildActionMask = 2147483647;
			files = (
				FABF0A5525825E5800630F05 /* LaunchScreen.storyboard in Resources */,
				FABF0A5225825E5800630F05 /* Assets.xcassets in Resources */,
				FABF0A5025825E5800630F05 /* Main.storyboard in Resources */,
			);
			runOnlyForDeploymentPostprocessing = 0;
		};
/* End PBXResourcesBuildPhase section */

/* Begin PBXSourcesBuildPhase section */
		FABF0A4125825E5800630F05 /* Sources */ = {
			isa = PBXSourcesBuildPhase;
			buildActionMask = 2147483647;
			files = (
				FAFD635F25828EA7004F8479 /* Chart.swift in Sources */,
				FABF0A4D25825E5800630F05 /* ChartViewController.swift in Sources */,
				FABF0A6725825EAA00630F05 /* MyChart.swift in Sources */,
				FABF0A4925825E5800630F05 /* AppDelegate.swift in Sources */,
			);
			runOnlyForDeploymentPostprocessing = 0;
		};
/* End PBXSourcesBuildPhase section */

/* Begin PBXVariantGroup section */
		FABF0A4E25825E5800630F05 /* Main.storyboard */ = {
			isa = PBXVariantGroup;
			children = (
				FABF0A4F25825E5800630F05 /* Base */,
			);
			name = Main.storyboard;
			sourceTree = "<group>";
		};
		FABF0A5325825E5800630F05 /* LaunchScreen.storyboard */ = {
			isa = PBXVariantGroup;
			children = (
				FABF0A5425825E5800630F05 /* Base */,
			);
			name = LaunchScreen.storyboard;
			sourceTree = "<group>";
		};
/* End PBXVariantGroup section */

/* Begin XCBuildConfiguration section */
		FABF0A5725825E5900630F05 /* Debug */ = {
			isa = XCBuildConfiguration;
			buildSettings = {
				ALWAYS_SEARCH_USER_PATHS = NO;
				CLANG_ANALYZER_NONNULL = YES;
				CLANG_ANALYZER_NUMBER_OBJECT_CONVERSION = YES_AGGRESSIVE;
				CLANG_CXX_LANGUAGE_STANDARD = "gnu++14";
				CLANG_CXX_LIBRARY = "libc++";
				CLANG_ENABLE_MODULES = YES;
				CLANG_ENABLE_OBJC_ARC = YES;
				CLANG_ENABLE_OBJC_WEAK = YES;
				CLANG_WARN_BLOCK_CAPTURE_AUTORELEASING = YES;
				CLANG_WARN_BOOL_CONVERSION = YES;
				CLANG_WARN_COMMA = YES;
				CLANG_WARN_CONSTANT_CONVERSION = YES;
				CLANG_WARN_DEPRECATED_OBJC_IMPLEMENTATIONS = YES;
				CLANG_WARN_DIRECT_OBJC_ISA_USAGE = YES_ERROR;
				CLANG_WARN_DOCUMENTATION_COMMENTS = YES;
				CLANG_WARN_EMPTY_BODY = YES;
				CLANG_WARN_ENUM_CONVERSION = YES;
				CLANG_WARN_INFINITE_RECURSION = YES;
				CLANG_WARN_INT_CONVERSION = YES;
				CLANG_WARN_NON_LITERAL_NULL_CONVERSION = YES;
				CLANG_WARN_OBJC_IMPLICIT_RETAIN_SELF = YES;
				CLANG_WARN_OBJC_LITERAL_CONVERSION = YES;
				CLANG_WARN_OBJC_ROOT_CLASS = YES_ERROR;
				CLANG_WARN_QUOTED_INCLUDE_IN_FRAMEWORK_HEADER = YES;
				CLANG_WARN_RANGE_LOOP_ANALYSIS = YES;
				CLANG_WARN_STRICT_PROTOTYPES = YES;
				CLANG_WARN_SUSPICIOUS_MOVE = YES;
				CLANG_WARN_UNGUARDED_AVAILABILITY = YES_AGGRESSIVE;
				CLANG_WARN_UNREACHABLE_CODE = YES;
				CLANG_WARN__DUPLICATE_METHOD_MATCH = YES;
				COPY_PHASE_STRIP = NO;
				DEBUG_INFORMATION_FORMAT = dwarf;
				ENABLE_STRICT_OBJC_MSGSEND = YES;
				ENABLE_TESTABILITY = YES;
				GCC_C_LANGUAGE_STANDARD = gnu11;
				GCC_DYNAMIC_NO_PIC = NO;
				GCC_NO_COMMON_BLOCKS = YES;
				GCC_OPTIMIZATION_LEVEL = 0;
				GCC_PREPROCESSOR_DEFINITIONS = (
					"DEBUG=1",
					"$(inherited)",
				);
				GCC_WARN_64_TO_32_BIT_CONVERSION = YES;
				GCC_WARN_ABOUT_RETURN_TYPE = YES_ERROR;
				GCC_WARN_UNDECLARED_SELECTOR = YES;
				GCC_WARN_UNINITIALIZED_AUTOS = YES_AGGRESSIVE;
				GCC_WARN_UNUSED_FUNCTION = YES;
				GCC_WARN_UNUSED_VARIABLE = YES;
				IPHONEOS_DEPLOYMENT_TARGET = 14.2;
				MTL_ENABLE_DEBUG_INFO = INCLUDE_SOURCE;
				MTL_FAST_MATH = YES;
				ONLY_ACTIVE_ARCH = YES;
				SDKROOT = iphoneos;
				SWIFT_ACTIVE_COMPILATION_CONDITIONS = DEBUG;
				SWIFT_OPTIMIZATION_LEVEL = "-Onone";
			};
			name = Debug;
		};
		FABF0A5825825E5900630F05 /* Release */ = {
			isa = XCBuildConfiguration;
			buildSettings = {
				ALWAYS_SEARCH_USER_PATHS = NO;
				CLANG_ANALYZER_NONNULL = YES;
				CLANG_ANALYZER_NUMBER_OBJECT_CONVERSION = YES_AGGRESSIVE;
				CLANG_CXX_LANGUAGE_STANDARD = "gnu++14";
				CLANG_CXX_LIBRARY = "libc++";
				CLANG_ENABLE_MODULES = YES;
				CLANG_ENABLE_OBJC_ARC = YES;
				CLANG_ENABLE_OBJC_WEAK = YES;
				CLANG_WARN_BLOCK_CAPTURE_AUTORELEASING = YES;
				CLANG_WARN_BOOL_CONVERSION = YES;
				CLANG_WARN_COMMA = YES;
				CLANG_WARN_CONSTANT_CONVERSION = YES;
				CLANG_WARN_DEPRECATED_OBJC_IMPLEMENTATIONS = YES;
				CLANG_WARN_DIRECT_OBJC_ISA_USAGE = YES_ERROR;
				CLANG_WARN_DOCUMENTATION_COMMENTS = YES;
				CLANG_WARN_EMPTY_BODY = YES;
				CLANG_WARN_ENUM_CONVERSION = YES;
				CLANG_WARN_INFINITE_RECURSION = YES;
				CLANG_WARN_INT_CONVERSION = YES;
				CLANG_WARN_NON_LITERAL_NULL_CONVERSION = YES;
				CLANG_WARN_OBJC_IMPLICIT_RETAIN_SELF = YES;
				CLANG_WARN_OBJC_LITERAL_CONVERSION = YES;
				CLANG_WARN_OBJC_ROOT_CLASS = YES_ERROR;
				CLANG_WARN_QUOTED_INCLUDE_IN_FRAMEWORK_HEADER = YES;
				CLANG_WARN_RANGE_LOOP_ANALYSIS = YES;
				CLANG_WARN_STRICT_PROTOTYPES = YES;
				CLANG_WARN_SUSPICIOUS_MOVE = YES;
				CLANG_WARN_UNGUARDED_AVAILABILITY = YES_AGGRESSIVE;
				CLANG_WARN_UNREACHABLE_CODE = YES;
				CLANG_WARN__DUPLICATE_METHOD_MATCH = YES;
				COPY_PHASE_STRIP = NO;
				DEBUG_INFORMATION_FORMAT = "dwarf-with-dsym";
				ENABLE_NS_ASSERTIONS = NO;
				ENABLE_STRICT_OBJC_MSGSEND = YES;
				GCC_C_LANGUAGE_STANDARD = gnu11;
				GCC_NO_COMMON_BLOCKS = YES;
				GCC_WARN_64_TO_32_BIT_CONVERSION = YES;
				GCC_WARN_ABOUT_RETURN_TYPE = YES_ERROR;
				GCC_WARN_UNDECLARED_SELECTOR = YES;
				GCC_WARN_UNINITIALIZED_AUTOS = YES_AGGRESSIVE;
				GCC_WARN_UNUSED_FUNCTION = YES;
				GCC_WARN_UNUSED_VARIABLE = YES;
				IPHONEOS_DEPLOYMENT_TARGET = 14.2;
				MTL_ENABLE_DEBUG_INFO = NO;
				MTL_FAST_MATH = YES;
				SDKROOT = iphoneos;
				SWIFT_COMPILATION_MODE = wholemodule;
				SWIFT_OPTIMIZATION_LEVEL = "-O";
				VALIDATE_PRODUCT = YES;
			};
			name = Release;
		};
		FABF0A5A25825E5900630F05 /* Debug */ = {
			isa = XCBuildConfiguration;
			buildSettings = {
				ASSETCATALOG_COMPILER_APPICON_NAME = AppIcon;
				ASSETCATALOG_COMPILER_GLOBAL_ACCENT_COLOR_NAME = AccentColor;
				CODE_SIGN_STYLE = Automatic;
				DEVELOPMENT_TEAM = LMGHP5L64B;
				INFOPLIST_FILE = ChartApp/Info.plist;
				LD_RUNPATH_SEARCH_PATHS = (
					"$(inherited)",
					"@executable_path/Frameworks",
				);
				PRODUCT_BUNDLE_IDENTIFIER = sanyakarpenko.ChartApp;
				PRODUCT_NAME = "$(TARGET_NAME)";
				SWIFT_VERSION = 5.0;
				TARGETED_DEVICE_FAMILY = "1,2";
			};
			name = Debug;
		};
		FABF0A5B25825E5900630F05 /* Release */ = {
			isa = XCBuildConfiguration;
			buildSettings = {
				ASSETCATALOG_COMPILER_APPICON_NAME = AppIcon;
				ASSETCATALOG_COMPILER_GLOBAL_ACCENT_COLOR_NAME = AccentColor;
				CODE_SIGN_STYLE = Automatic;
				DEVELOPMENT_TEAM = LMGHP5L64B;
				INFOPLIST_FILE = ChartApp/Info.plist;
				LD_RUNPATH_SEARCH_PATHS = (
					"$(inherited)",
					"@executable_path/Frameworks",
				);
				PRODUCT_BUNDLE_IDENTIFIER = sanyakarpenko.ChartApp;
				PRODUCT_NAME = "$(TARGET_NAME)";
				SWIFT_VERSION = 5.0;
				TARGETED_DEVICE_FAMILY = "1,2";
			};
			name = Release;
		};
/* End XCBuildConfiguration section */

/* Begin XCConfigurationList section */
		FABF0A4025825E5800630F05 /* Build configuration list for PBXProject "ChartApp" */ = {
			isa = XCConfigurationList;
			buildConfigurations = (
				FABF0A5725825E5900630F05 /* Debug */,
				FABF0A5825825E5900630F05 /* Release */,
			);
			defaultConfigurationIsVisible = 0;
			defaultConfigurationName = Release;
		};
		FABF0A5925825E5900630F05 /* Build configuration list for PBXNativeTarget "ChartApp" */ = {
			isa = XCConfigurationList;
			buildConfigurations = (
				FABF0A5A25825E5900630F05 /* Debug */,
				FABF0A5B25825E5900630F05 /* Release */,
			);
			defaultConfigurationIsVisible = 0;
			defaultConfigurationName = Release;
		};
/* End XCConfigurationList section */
	};
	rootObject = FABF0A3D25825E5800630F05 /* Project object */;
}
